
Microsoft Visual Studio Solution File, Format Version 12.00
# Visual Studio Version 16
VisualStudioVersion = 16.0.31105.61
MinimumVisualStudioVersion = 10.0.40219.1
Project("{9A19103F-16F7-4668-BE54-9A1E7A4F7556}") = "MWS.Startup", "MWS.Startup\MWS.Startup.csproj", "{1B030C04-75B8-4340-999E-7F11B7BB0CE1}"
EndProject
Project("{FAE04EC0-301F-11D3-BF4B-00C04F79EFBC}") = "MWS.Dal", "MWS.Dal\MWS.Dal.csproj", "{0FE1ED9C-6357-43BB-B15E-15995055BDC3}"
EndProject
Project("{FAE04EC0-301F-11D3-BF4B-00C04F79EFBC}") = "MWS.Logic", "MWS.Logic\MWS.Logic.csproj", "{FA853BD0-D0AB-4FB2-B071-BEB370AEFEFF}"
EndProject
Global
	GlobalSection(SolutionConfigurationPlatforms) = preSolution
		Debug|Any CPU = Debug|Any CPU
		Release|Any CPU = Release|Any CPU
	EndGlobalSection
	GlobalSection(ProjectConfigurationPlatforms) = postSolution
		{1B030C04-75B8-4340-999E-7F11B7BB0CE1}.Debug|Any CPU.ActiveCfg = Debug|Any CPU
		{1B030C04-75B8-4340-999E-7F11B7BB0CE1}.Debug|Any CPU.Build.0 = Debug|Any CPU
		{1B030C04-75B8-4340-999E-7F11B7BB0CE1}.Release|Any CPU.ActiveCfg = Release|Any CPU
		{1B030C04-75B8-4340-999E-7F11B7BB0CE1}.Release|Any CPU.Build.0 = Release|Any CPU
		{0FE1ED9C-6357-43BB-B15E-15995055BDC3}.Debug|Any CPU.ActiveCfg = Debug|Any CPU
		{0FE1ED9C-6357-43BB-B15E-15995055BDC3}.Debug|Any CPU.Build.0 = Debug|Any CPU
		{0FE1ED9C-6357-43BB-B15E-15995055BDC3}.Release|Any CPU.ActiveCfg = Release|Any CPU
		{0FE1ED9C-6357-43BB-B15E-15995055BDC3}.Release|Any CPU.Build.0 = Release|Any CPU
		{FA853BD0-D0AB-4FB2-B071-BEB370AEFEFF}.Debug|Any CPU.ActiveCfg = Debug|Any CPU
		{FA853BD0-D0AB-4FB2-B071-BEB370AEFEFF}.Debug|Any CPU.Build.0 = Debug|Any CPU
		{FA853BD0-D0AB-4FB2-B071-BEB370AEFEFF}.Release|Any CPU.ActiveCfg = Release|Any CPU
		{FA853BD0-D0AB-4FB2-B071-BEB370AEFEFF}.Release|Any CPU.Build.0 = Release|Any CPU
	EndGlobalSection
	GlobalSection(SolutionProperties) = preSolution
		HideSolutionNode = FALSE
	EndGlobalSection
	GlobalSection(ExtensibilityGlobals) = postSolution
		SolutionGuid = {83016FE2-2851-40FE-8FEC-AF0CED353EF6}
	EndGlobalSection
EndGlobal
